// !$*UTF8*$!
{
	archiveVersion = 1;
	classes = {
	};
	objectVersion = 48;
	objects = {

/* Begin PBXBuildFile section */
		50067187200943FC002ABF0E /* AppDelegate.swift in Sources */ = {isa = PBXBuildFile; fileRef = 50067186200943FC002ABF0E /* AppDelegate.swift */; };
		5006718C200943FC002ABF0E /* Main.storyboard in Resources */ = {isa = PBXBuildFile; fileRef = 5006718A200943FC002ABF0E /* Main.storyboard */; };
		5006718E200943FC002ABF0E /* Assets.xcassets in Resources */ = {isa = PBXBuildFile; fileRef = 5006718D200943FC002ABF0E /* Assets.xcassets */; };
		50067191200943FC002ABF0E /* LaunchScreen.storyboard in Resources */ = {isa = PBXBuildFile; fileRef = 5006718F200943FC002ABF0E /* LaunchScreen.storyboard */; };
		5006719D2009447A002ABF0E /* HomeVC.swift in Sources */ = {isa = PBXBuildFile; fileRef = 5006719C2009447A002ABF0E /* HomeVC.swift */; };
		50B06ECF20095AF6000EF3FC /* DetailVC.swift in Sources */ = {isa = PBXBuildFile; fileRef = 50B06ECE20095AF6000EF3FC /* DetailVC.swift */; };
		50C5EF352009632900079DBC /* UIImageExtension.swift in Sources */ = {isa = PBXBuildFile; fileRef = 50C5EF342009632900079DBC /* UIImageExtension.swift */; };
		50C5EF3620096E5300079DBC /* AnchorsExtensions.swift in Sources */ = {isa = PBXBuildFile; fileRef = 50B06ED020095F2B000EF3FC /* AnchorsExtensions.swift */; };
/* End PBXBuildFile section */

/* Begin PBXFileReference section */
		50067183200943FC002ABF0E /* LybiaApp.app */ = {isa = PBXFileReference; explicitFileType = wrapper.application; includeInIndex = 0; path = LybiaApp.app; sourceTree = BUILT_PRODUCTS_DIR; };
		50067186200943FC002ABF0E /* AppDelegate.swift */ = {isa = PBXFileReference; lastKnownFileType = sourcecode.swift; path = AppDelegate.swift; sourceTree = "<group>"; };
		5006718B200943FC002ABF0E /* Base */ = {isa = PBXFileReference; lastKnownFileType = file.storyboard; name = Base; path = Base.lproj/Main.storyboard; sourceTree = "<group>"; };
		5006718D200943FC002ABF0E /* Assets.xcassets */ = {isa = PBXFileReference; lastKnownFileType = folder.assetcatalog; path = Assets.xcassets; sourceTree = "<group>"; };
		50067190200943FC002ABF0E /* Base */ = {isa = PBXFileReference; lastKnownFileType = file.storyboard; name = Base; path = Base.lproj/LaunchScreen.storyboard; sourceTree = "<group>"; };
		50067192200943FC002ABF0E /* Info.plist */ = {isa = PBXFileReference; lastKnownFileType = text.plist.xml; path = Info.plist; sourceTree = "<group>"; };
		5006719C2009447A002ABF0E /* HomeVC.swift */ = {isa = PBXFileReference; lastKnownFileType = sourcecode.swift; path = HomeVC.swift; sourceTree = "<group>"; };
		5006719F200948EE002ABF0E /* Farah.ttc */ = {isa = PBXFileReference; lastKnownFileType = file; path = Farah.ttc; sourceTree = "<group>"; };
		50B06ECE20095AF6000EF3FC /* DetailVC.swift */ = {isa = PBXFileReference; lastKnownFileType = sourcecode.swift; path = DetailVC.swift; sourceTree = "<group>"; };
		50B06ED020095F2B000EF3FC /* AnchorsExtensions.swift */ = {isa = PBXFileReference; lastKnownFileType = sourcecode.swift; path = AnchorsExtensions.swift; sourceTree = "<group>"; };
		50C5EF342009632900079DBC /* UIImageExtension.swift */ = {isa = PBXFileReference; lastKnownFileType = sourcecode.swift; path = UIImageExtension.swift; sourceTree = "<group>"; };
/* End PBXFileReference section */

/* Begin PBXFrameworksBuildPhase section */
		50067180200943FB002ABF0E /* Frameworks */ = {
			isa = PBXFrameworksBuildPhase;
			buildActionMask = 2147483647;
			files = (
			);
			runOnlyForDeploymentPostprocessing = 0;
		};
/* End PBXFrameworksBuildPhase section */

/* Begin PBXGroup section */
		5006717A200943FB002ABF0E = {
			isa = PBXGroup;
			children = (
				50067185200943FC002ABF0E /* LybiaApp */,
				50067184200943FC002ABF0E /* Products */,
			);
			sourceTree = "<group>";
		};
		50067184200943FC002ABF0E /* Products */ = {
			isa = PBXGroup;
			children = (
				50067183200943FC002ABF0E /* LybiaApp.app */,
			);
			name = Products;
			sourceTree = "<group>";
		};
		50067185200943FC002ABF0E /* LybiaApp */ = {
			isa = PBXGroup;
			children = (
				5006719E200948E2002ABF0E /* Fonts */,
				5006719B2009444A002ABF0E /* Extensions */,
				5006719A20094441002ABF0E /* Model */,
				500671992009443C002ABF0E /* View */,
				5006719820094434002ABF0E /* Controller */,
				50067186200943FC002ABF0E /* AppDelegate.swift */,
				5006718A200943FC002ABF0E /* Main.storyboard */,
				5006718D200943FC002ABF0E /* Assets.xcassets */,
				5006718F200943FC002ABF0E /* LaunchScreen.storyboard */,
				50067192200943FC002ABF0E /* Info.plist */,
			);
			path = LybiaApp;
			sourceTree = "<group>";
		};
		5006719820094434002ABF0E /* Controller */ = {
			isa = PBXGroup;
			children = (
				5006719C2009447A002ABF0E /* HomeVC.swift */,
				50B06ECE20095AF6000EF3FC /* DetailVC.swift */,
			);
			path = Controller;
			sourceTree = "<group>";
		};
		500671992009443C002ABF0E /* View */ = {
			isa = PBXGroup;
			children = (
			);
			path = View;
			sourceTree = "<group>";
		};
		5006719A20094441002ABF0E /* Model */ = {
			isa = PBXGroup;
			children = (
			);
			path = Model;
			sourceTree = "<group>";
		};
		5006719B2009444A002ABF0E /* Extensions */ = {
			isa = PBXGroup;
			children = (
				50B06ED020095F2B000EF3FC /* AnchorsExtensions.swift */,
				50C5EF342009632900079DBC /* UIImageExtension.swift */,
			);
			path = Extensions;
			sourceTree = "<group>";
		};
		5006719E200948E2002ABF0E /* Fonts */ = {
			isa = PBXGroup;
			children = (
				5006719F200948EE002ABF0E /* Farah.ttc */,
			);
			path = Fonts;
			sourceTree = "<group>";
		};
/* End PBXGroup section */

/* Begin PBXNativeTarget section */
		50067182200943FB002ABF0E /* LybiaApp */ = {
			isa = PBXNativeTarget;
			buildConfigurationList = 50067195200943FC002ABF0E /* Build configuration list for PBXNativeTarget "LybiaApp" */;
			buildPhases = (
				5006717F200943FB002ABF0E /* Sources */,
				50067180200943FB002ABF0E /* Frameworks */,
				50067181200943FB002ABF0E /* Resources */,
			);
			buildRules = (
			);
			dependencies = (
			);
			name = LybiaApp;
			productName = LybiaApp;
			productReference = 50067183200943FC002ABF0E /* LybiaApp.app */;
			productType = "com.apple.product-type.application";
		};
/* End PBXNativeTarget section */

/* Begin PBXProject section */
		5006717B200943FB002ABF0E /* Project object */ = {
			isa = PBXProject;
			attributes = {
				LastSwiftUpdateCheck = 0900;
				LastUpgradeCheck = 0900;
				ORGANIZATIONNAME = unfpa;
				TargetAttributes = {
					50067182200943FB002ABF0E = {
						CreatedOnToolsVersion = 9.0;
					};
				};
			};
			buildConfigurationList = 5006717E200943FB002ABF0E /* Build configuration list for PBXProject "LybiaApp" */;
			compatibilityVersion = "Xcode 8.0";
			developmentRegion = en;
			hasScannedForEncodings = 0;
			knownRegions = (
				en,
				Base,
			);
			mainGroup = 5006717A200943FB002ABF0E;
			productRefGroup = 50067184200943FC002ABF0E /* Products */;
			projectDirPath = "";
			projectRoot = "";
			targets = (
				50067182200943FB002ABF0E /* LybiaApp */,
			);
		};
/* End PBXProject section */

/* Begin PBXResourcesBuildPhase section */
		50067181200943FB002ABF0E /* Resources */ = {
			isa = PBXResourcesBuildPhase;
			buildActionMask = 2147483647;
			files = (
				50067191200943FC002ABF0E /* LaunchScreen.storyboard in Resources */,
				5006718E200943FC002ABF0E /* Assets.xcassets in Resources */,
				5006718C200943FC002ABF0E /* Main.storyboard in Resources */,
			);
			runOnlyForDeploymentPostprocessing = 0;
		};
/* End PBXResourcesBuildPhase section */

/* Begin PBXSourcesBuildPhase section */
		5006717F200943FB002ABF0E /* Sources */ = {
			isa = PBXSourcesBuildPhase;
			buildActionMask = 2147483647;
			files = (
				50C5EF3620096E5300079DBC /* AnchorsExtensions.swift in Sources */,
				50067187200943FC002ABF0E /* AppDelegate.swift in Sources */,
				5006719D2009447A002ABF0E /* HomeVC.swift in Sources */,
				50B06ECF20095AF6000EF3FC /* DetailVC.swift in Sources */,
				50C5EF352009632900079DBC /* UIImageExtension.swift in Sources */,
			);
			runOnlyForDeploymentPostprocessing = 0;
		};
/* End PBXSourcesBuildPhase section */

/* Begin PBXVariantGroup section */
		5006718A200943FC002ABF0E /* Main.storyboard */ = {
			isa = PBXVariantGroup;
			children = (
				5006718B200943FC002ABF0E /* Base */,
			);
			name = Main.storyboard;
			sourceTree = "<group>";
		};
		5006718F200943FC002ABF0E /* LaunchScreen.storyboard */ = {
			isa = PBXVariantGroup;
			children = (
				50067190200943FC002ABF0E /* Base */,
			);
			name = LaunchScreen.storyboard;
			sourceTree = "<group>";
		};
/* End PBXVariantGroup section */

/* Begin XCBuildConfiguration section */
		50067193200943FC002ABF0E /* Debug */ = {
			isa = XCBuildConfiguration;
			buildSettings = {
				ALWAYS_SEARCH_USER_PATHS = NO;
				CLANG_ANALYZER_NONNULL = YES;
				CLANG_ANALYZER_NUMBER_OBJECT_CONVERSION = YES_AGGRESSIVE;
				CLANG_CXX_LANGUAGE_STANDARD = "gnu++14";
				CLANG_CXX_LIBRARY = "libc++";
				CLANG_ENABLE_MODULES = YES;
				CLANG_ENABLE_OBJC_ARC = YES;
				CLANG_WARN_BLOCK_CAPTURE_AUTORELEASING = YES;
				CLANG_WARN_BOOL_CONVERSION = YES;
				CLANG_WARN_COMMA = YES;
				CLANG_WARN_CONSTANT_CONVERSION = YES;
				CLANG_WARN_DIRECT_OBJC_ISA_USAGE = YES_ERROR;
				CLANG_WARN_DOCUMENTATION_COMMENTS = YES;
				CLANG_WARN_EMPTY_BODY = YES;
				CLANG_WARN_ENUM_CONVERSION = YES;
				CLANG_WARN_INFINITE_RECURSION = YES;
				CLANG_WARN_INT_CONVERSION = YES;
				CLANG_WARN_NON_LITERAL_NULL_CONVERSION = YES;
				CLANG_WARN_OBJC_LITERAL_CONVERSION = YES;
				CLANG_WARN_OBJC_ROOT_CLASS = YES_ERROR;
				CLANG_WARN_RANGE_LOOP_ANALYSIS = YES;
				CLANG_WARN_STRICT_PROTOTYPES = YES;
				CLANG_WARN_SUSPICIOUS_MOVE = YES;
				CLANG_WARN_UNGUARDED_AVAILABILITY = YES_AGGRESSIVE;
				CLANG_WARN_UNREACHABLE_CODE = YES;
				CLANG_WARN__DUPLICATE_METHOD_MATCH = YES;
				CODE_SIGN_IDENTITY = "iPhone Developer";
				COPY_PHASE_STRIP = NO;
				DEBUG_INFORMATION_FORMAT = dwarf;
				ENABLE_STRICT_OBJC_MSGSEND = YES;
				ENABLE_TESTABILITY = YES;
				GCC_C_LANGUAGE_STANDARD = gnu11;
				GCC_DYNAMIC_NO_PIC = NO;
				GCC_NO_COMMON_BLOCKS = YES;
				GCC_OPTIMIZATION_LEVEL = 0;
				GCC_PREPROCESSOR_DEFINITIONS = (
					"DEBUG=1",
					"$(inherited)",
				);
				GCC_WARN_64_TO_32_BIT_CONVERSION = YES;
				GCC_WARN_ABOUT_RETURN_TYPE = YES_ERROR;
				GCC_WARN_UNDECLARED_SELECTOR = YES;
				GCC_WARN_UNINITIALIZED_AUTOS = YES_AGGRESSIVE;
				GCC_WARN_UNUSED_FUNCTION = YES;
				GCC_WARN_UNUSED_VARIABLE = YES;
				IPHONEOS_DEPLOYMENT_TARGET = 11.0;
				MTL_ENABLE_DEBUG_INFO = YES;
				ONLY_ACTIVE_ARCH = YES;
				SDKROOT = iphoneos;
				SWIFT_ACTIVE_COMPILATION_CONDITIONS = DEBUG;
				SWIFT_OPTIMIZATION_LEVEL = "-Onone";
			};
			name = Debug;
		};
		50067194200943FC002ABF0E /* Release */ = {
			isa = XCBuildConfiguration;
			buildSettings = {
				ALWAYS_SEARCH_USER_PATHS = NO;
				CLANG_ANALYZER_NONNULL = YES;
				CLANG_ANALYZER_NUMBER_OBJECT_CONVERSION = YES_AGGRESSIVE;
				CLANG_CXX_LANGUAGE_STANDARD = "gnu++14";
				CLANG_CXX_LIBRARY = "libc++";
				CLANG_ENABLE_MODULES = YES;
				CLANG_ENABLE_OBJC_ARC = YES;
				CLANG_WARN_BLOCK_CAPTURE_AUTORELEASING = YES;
				CLANG_WARN_BOOL_CONVERSION = YES;
				CLANG_WARN_COMMA = YES;
				CLANG_WARN_CONSTANT_CONVERSION = YES;
				CLANG_WARN_DIRECT_OBJC_ISA_USAGE = YES_ERROR;
				CLANG_WARN_DOCUMENTATION_COMMENTS = YES;
				CLANG_WARN_EMPTY_BODY = YES;
				CLANG_WARN_ENUM_CONVERSION = YES;
				CLANG_WARN_INFINITE_RECURSION = YES;
				CLANG_WARN_INT_CONVERSION = YES;
				CLANG_WARN_NON_LITERAL_NULL_CONVERSION = YES;
				CLANG_WARN_OBJC_LITERAL_CONVERSION = YES;
				CLANG_WARN_OBJC_ROOT_CLASS = YES_ERROR;
				CLANG_WARN_RANGE_LOOP_ANALYSIS = YES;
				CLANG_WARN_STRICT_PROTOTYPES = YES;
				CLANG_WARN_SUSPICIOUS_MOVE = YES;
				CLANG_WARN_UNGUARDED_AVAILABILITY = YES_AGGRESSIVE;
				CLANG_WARN_UNREACHABLE_CODE = YES;
				CLANG_WARN__DUPLICATE_METHOD_MATCH = YES;
				CODE_SIGN_IDENTITY = "iPhone Developer";
				COPY_PHASE_STRIP = NO;
				DEBUG_INFORMATION_FORMAT = "dwarf-with-dsym";
				ENABLE_NS_ASSERTIONS = NO;
				ENABLE_STRICT_OBJC_MSGSEND = YES;
				GCC_C_LANGUAGE_STANDARD = gnu11;
				GCC_NO_COMMON_BLOCKS = YES;
				GCC_WARN_64_TO_32_BIT_CONVERSION = YES;
				GCC_WARN_ABOUT_RETURN_TYPE = YES_ERROR;
				GCC_WARN_UNDECLARED_SELECTOR = YES;
				GCC_WARN_UNINITIALIZED_AUTOS = YES_AGGRESSIVE;
				GCC_WARN_UNUSED_FUNCTION = YES;
				GCC_WARN_UNUSED_VARIABLE = YES;
				IPHONEOS_DEPLOYMENT_TARGET = 11.0;
				MTL_ENABLE_DEBUG_INFO = NO;
				SDKROOT = iphoneos;
				SWIFT_OPTIMIZATION_LEVEL = "-Owholemodule";
				VALIDATE_PRODUCT = YES;
			};
			name = Release;
		};
		50067196200943FC002ABF0E /* Debug */ = {
			isa = XCBuildConfiguration;
			buildSettings = {
				ASSETCATALOG_COMPILER_APPICON_NAME = AppIcon;
				DEVELOPMENT_TEAM = MWK8U6Z88X;
				INFOPLIST_FILE = LybiaApp/Info.plist;
				LD_RUNPATH_SEARCH_PATHS = "$(inherited) @executable_path/Frameworks";
				PRODUCT_BUNDLE_IDENTIFIER = com.unfpa.LybiaApp;
				PRODUCT_NAME = "$(TARGET_NAME)";
				SWIFT_VERSION = 4.0;
				TARGETED_DEVICE_FAMILY = "1,2";
			};
			name = Debug;
		};
		50067197200943FC002ABF0E /* Release */ = {
			isa = XCBuildConfiguration;
			buildSettings = {
				ASSETCATALOG_COMPILER_APPICON_NAME = AppIcon;
				DEVELOPMENT_TEAM = MWK8U6Z88X;
				INFOPLIST_FILE = LybiaApp/Info.plist;
				LD_RUNPATH_SEARCH_PATHS = "$(inherited) @executable_path/Frameworks";
				PRODUCT_BUNDLE_IDENTIFIER = com.unfpa.LybiaApp;
				PRODUCT_NAME = "$(TARGET_NAME)";
				SWIFT_VERSION = 4.0;
				TARGETED_DEVICE_FAMILY = "1,2";
			};
			name = Release;
		};
/* End XCBuildConfiguration section */

/* Begin XCConfigurationList section */
		5006717E200943FB002ABF0E /* Build configuration list for PBXProject "LybiaApp" */ = {
			isa = XCConfigurationList;
			buildConfigurations = (
				50067193200943FC002ABF0E /* Debug */,
				50067194200943FC002ABF0E /* Release */,
			);
			defaultConfigurationIsVisible = 0;
			defaultConfigurationName = Release;
		};
		50067195200943FC002ABF0E /* Build configuration list for PBXNativeTarget "LybiaApp" */ = {
			isa = XCConfigurationList;
			buildConfigurations = (
				50067196200943FC002ABF0E /* Debug */,
				50067197200943FC002ABF0E /* Release */,
			);
			defaultConfigurationIsVisible = 0;
			defaultConfigurationName = Release;
		};
/* End XCConfigurationList section */
	};
	rootObject = 5006717B200943FB002ABF0E /* Project object */;
}
